
Microsoft Visual Studio Solution File, Format Version 12.00
# Visual Studio Version 17
VisualStudioVersion = 17.3.32819.101
MinimumVisualStudioVersion = 10.0.40219.1
Project("{8BC9CEB8-8B4A-11D0-8D11-00A0C91BC942}") = "LR1-1", "LR\LR.vcxproj", "{520DC1B4-A8B8-4654-86F5-24661E020C98}"
EndProject
Project("{8BC9CEB8-8B4A-11D0-8D11-00A0C91BC942}") = "LR1-2", "LR1-2\LR1-2.vcxproj", "{20BB6476-5F13-4C7D-BC72-F9D1ED2C9E8A}"
EndProject
Project("{8BC9CEB8-8B4A-11D0-8D11-00A0C91BC942}") = "LR2-1", "LR2-1\LR2-1.vcxproj", "{1A208CCE-5175-4E7F-8871-0CB94E5E25FA}"
EndProject
Project("{8BC9CEB8-8B4A-11D0-8D11-00A0C91BC942}") = "LR2-2", "LR2-2\LR2-2.vcxproj", "{9E687B78-4498-4A35-B71C-48899B4F4493}"
EndProject
Project("{8BC9CEB8-8B4A-11D0-8D11-00A0C91BC942}") = "LR3-1", "LR3-1\LR3-1.vcxproj", "{18BD964C-43DC-4D33-9B26-D8C3FECA6001}"
EndProject
Project("{8BC9CEB8-8B4A-11D0-8D11-00A0C91BC942}") = "LR3-2", "LR3-2\LR3-2.vcxproj", "{0E64D77A-9317-4E50-9D60-357CAE3B2614}"
EndProject
Project("{8BC9CEB8-8B4A-11D0-8D11-00A0C91BC942}") = "LR4-1", "LR4-1\LR4-1.vcxproj", "{1FA3EA6B-9D05-4728-8DA3-938262535B98}"
EndProject
Project("{8BC9CEB8-8B4A-11D0-8D11-00A0C91BC942}") = "LR4-2", "LR4-2\LR4-2.vcxproj", "{C40E7323-EE85-40EF-B087-9AAAD2D7B877}"
EndProject
Global
	GlobalSection(SolutionConfigurationPlatforms) = preSolution
		Debug|x64 = Debug|x64
		Debug|x86 = Debug|x86
		Release|x64 = Release|x64
		Release|x86 = Release|x86
	EndGlobalSection
	GlobalSection(ProjectConfigurationPlatforms) = postSolution
		{520DC1B4-A8B8-4654-86F5-24661E020C98}.Debug|x64.ActiveCfg = Debug|x64
		{520DC1B4-A8B8-4654-86F5-24661E020C98}.Debug|x64.Build.0 = Debug|x64
		{520DC1B4-A8B8-4654-86F5-24661E020C98}.Debug|x86.ActiveCfg = Debug|Win32
		{520DC1B4-A8B8-4654-86F5-24661E020C98}.Debug|x86.Build.0 = Debug|Win32
		{520DC1B4-A8B8-4654-86F5-24661E020C98}.Release|x64.ActiveCfg = Release|x64
		{520DC1B4-A8B8-4654-86F5-24661E020C98}.Release|x64.Build.0 = Release|x64
		{520DC1B4-A8B8-4654-86F5-24661E020C98}.Release|x86.ActiveCfg = Release|Win32
		{520DC1B4-A8B8-4654-86F5-24661E020C98}.Release|x86.Build.0 = Release|Win32
		{20BB6476-5F13-4C7D-BC72-F9D1ED2C9E8A}.Debug|x64.ActiveCfg = Debug|x64
		{20BB6476-5F13-4C7D-BC72-F9D1ED2C9E8A}.Debug|x64.Build.0 = Debug|x64
		{20BB6476-5F13-4C7D-BC72-F9D1ED2C9E8A}.Debug|x86.ActiveCfg = Debug|Win32
		{20BB6476-5F13-4C7D-BC72-F9D1ED2C9E8A}.Debug|x86.Build.0 = Debug|Win32
		{20BB6476-5F13-4C7D-BC72-F9D1ED2C9E8A}.Release|x64.ActiveCfg = Release|x64
		{20BB6476-5F13-4C7D-BC72-F9D1ED2C9E8A}.Release|x64.Build.0 = Release|x64
		{20BB6476-5F13-4C7D-BC72-F9D1ED2C9E8A}.Release|x86.ActiveCfg = Release|Win32
		{20BB6476-5F13-4C7D-BC72-F9D1ED2C9E8A}.Release|x86.Build.0 = Release|Win32
		{1A208CCE-5175-4E7F-8871-0CB94E5E25FA}.Debug|x64.ActiveCfg = Debug|x64
		{1A208CCE-5175-4E7F-8871-0CB94E5E25FA}.Debug|x64.Build.0 = Debug|x64
		{1A208CCE-5175-4E7F-8871-0CB94E5E25FA}.Debug|x86.ActiveCfg = Debug|Win32
		{1A208CCE-5175-4E7F-8871-0CB94E5E25FA}.Debug|x86.Build.0 = Debug|Win32
		{1A208CCE-5175-4E7F-8871-0CB94E5E25FA}.Release|x64.ActiveCfg = Release|x64
		{1A208CCE-5175-4E7F-8871-0CB94E5E25FA}.Release|x64.Build.0 = Release|x64
		{1A208CCE-5175-4E7F-8871-0CB94E5E25FA}.Release|x86.ActiveCfg = Release|Win32
		{1A208CCE-5175-4E7F-8871-0CB94E5E25FA}.Release|x86.Build.0 = Release|Win32
		{9E687B78-4498-4A35-B71C-48899B4F4493}.Debug|x64.ActiveCfg = Debug|x64
		{9E687B78-4498-4A35-B71C-48899B4F4493}.Debug|x64.Build.0 = Debug|x64
		{9E687B78-4498-4A35-B71C-48899B4F4493}.Debug|x86.ActiveCfg = Debug|Win32
		{9E687B78-4498-4A35-B71C-48899B4F4493}.Debug|x86.Build.0 = Debug|Win32
		{9E687B78-4498-4A35-B71C-48899B4F4493}.Release|x64.ActiveCfg = Release|x64
		{9E687B78-4498-4A35-B71C-48899B4F4493}.Release|x64.Build.0 = Release|x64
		{9E687B78-4498-4A35-B71C-48899B4F4493}.Release|x86.ActiveCfg = Release|Win32
		{9E687B78-4498-4A35-B71C-48899B4F4493}.Release|x86.Build.0 = Release|Win32
		{18BD964C-43DC-4D33-9B26-D8C3FECA6001}.Debug|x64.ActiveCfg = Debug|x64
		{18BD964C-43DC-4D33-9B26-D8C3FECA6001}.Debug|x64.Build.0 = Debug|x64
		{18BD964C-43DC-4D33-9B26-D8C3FECA6001}.Debug|x86.ActiveCfg = Debug|Win32
		{18BD964C-43DC-4D33-9B26-D8C3FECA6001}.Debug|x86.Build.0 = Debug|Win32
		{18BD964C-43DC-4D33-9B26-D8C3FECA6001}.Release|x64.ActiveCfg = Release|x64
		{18BD964C-43DC-4D33-9B26-D8C3FECA6001}.Release|x64.Build.0 = Release|x64
		{18BD964C-43DC-4D33-9B26-D8C3FECA6001}.Release|x86.ActiveCfg = Release|Win32
		{18BD964C-43DC-4D33-9B26-D8C3FECA6001}.Release|x86.Build.0 = Release|Win32
		{0E64D77A-9317-4E50-9D60-357CAE3B2614}.Debug|x64.ActiveCfg = Debug|x64
		{0E64D77A-9317-4E50-9D60-357CAE3B2614}.Debug|x64.Build.0 = Debug|x64
		{0E64D77A-9317-4E50-9D60-357CAE3B2614}.Debug|x86.ActiveCfg = Debug|Win32
		{0E64D77A-9317-4E50-9D60-357CAE3B2614}.Debug|x86.Build.0 = Debug|Win32
		{0E64D77A-9317-4E50-9D60-357CAE3B2614}.Release|x64.ActiveCfg = Release|x64
		{0E64D77A-9317-4E50-9D60-357CAE3B2614}.Release|x64.Build.0 = Release|x64
		{0E64D77A-9317-4E50-9D60-357CAE3B2614}.Release|x86.ActiveCfg = Release|Win32
		{0E64D77A-9317-4E50-9D60-357CAE3B2614}.Release|x86.Build.0 = Release|Win32
		{1FA3EA6B-9D05-4728-8DA3-938262535B98}.Debug|x64.ActiveCfg = Debug|x64
		{1FA3EA6B-9D05-4728-8DA3-938262535B98}.Debug|x64.Build.0 = Debug|x64
		{1FA3EA6B-9D05-4728-8DA3-938262535B98}.Debug|x86.ActiveCfg = Debug|Win32
		{1FA3EA6B-9D05-4728-8DA3-938262535B98}.Debug|x86.Build.0 = Debug|Win32
		{1FA3EA6B-9D05-4728-8DA3-938262535B98}.Release|x64.ActiveCfg = Release|x64
		{1FA3EA6B-9D05-4728-8DA3-938262535B98}.Release|x64.Build.0 = Release|x64
		{1FA3EA6B-9D05-4728-8DA3-938262535B98}.Release|x86.ActiveCfg = Release|Win32
		{1FA3EA6B-9D05-4728-8DA3-938262535B98}.Release|x86.Build.0 = Release|Win32
		{C40E7323-EE85-40EF-B087-9AAAD2D7B877}.Debug|x64.ActiveCfg = Debug|x64
		{C40E7323-EE85-40EF-B087-9AAAD2D7B877}.Debug|x64.Build.0 = Debug|x64
		{C40E7323-EE85-40EF-B087-9AAAD2D7B877}.Debug|x86.ActiveCfg = Debug|Win32
		{C40E7323-EE85-40EF-B087-9AAAD2D7B877}.Debug|x86.Build.0 = Debug|Win32
		{C40E7323-EE85-40EF-B087-9AAAD2D7B877}.Release|x64.ActiveCfg = Release|x64
		{C40E7323-EE85-40EF-B087-9AAAD2D7B877}.Release|x64.Build.0 = Release|x64
		{C40E7323-EE85-40EF-B087-9AAAD2D7B877}.Release|x86.ActiveCfg = Release|Win32
		{C40E7323-EE85-40EF-B087-9AAAD2D7B877}.Release|x86.Build.0 = Release|Win32
	EndGlobalSection
	GlobalSection(SolutionProperties) = preSolution
		HideSolutionNode = FALSE
	EndGlobalSection
	GlobalSection(ExtensibilityGlobals) = postSolution
		SolutionGuid = {A6B15F9E-116D-490C-8545-EFF07817A29D}
	EndGlobalSection
EndGlobal
